{
  "originHash" : "1bcde5dc72a55ff35099422bd52936a8282088d55b2c629501bd594fe2a58c21",
  "pins" : [
    {
      "identity" : "swift-argument-parser",
      "kind" : "remoteSourceControl",
      "location" : "https://github.com/apple/swift-argument-parser.git",
      "state" : {
        "revision" : "626b5b7b2f45e1b0b1c6f4a309296d1d21d7311b",
        "version" : "1.7.1"
      }
    },
    {
      "identity" : "swift-socketcan",
      "kind" : "remoteSourceControl",
      "location" : "https://github.com/AutomotiveSwift/Swift-SocketCAN.git",
      "state" : {
        "revision" : "6c55b4f6c310b53505c4744fead179b4460ee83f",
        "version" : "0.9.0"
      }
    }
  ],
  "version" : 3
}
